// !$*UTF8*$!
{
	archiveVersion = 1;
	classes = {
	};
	objectVersion = 46;
	objects = {

/* Begin PBXBuildFile section */
		68952680144ED2CB00074F22 /* UIKit.framework in Frameworks */ = {isa = PBXBuildFile; fileRef = 6895267F144ED2CB00074F22 /* UIKit.framework */; };
		68952682144ED2CB00074F22 /* Foundation.framework in Frameworks */ = {isa = PBXBuildFile; fileRef = 68952681144ED2CB00074F22 /* Foundation.framework */; };
		68952684144ED2CB00074F22 /* CoreGraphics.framework in Frameworks */ = {isa = PBXBuildFile; fileRef = 68952683144ED2CB00074F22 /* CoreGraphics.framework */; };
		6895268A144ED2CB00074F22 /* InfoPlist.strings in Resources */ = {isa = PBXBuildFile; fileRef = 68952688144ED2CB00074F22 /* InfoPlist.strings */; };
		6895268C144ED2CB00074F22 /* main.m in Sources */ = {isa = PBXBuildFile; fileRef = 6895268B144ED2CB00074F22 /* main.m */; };
		68952690144ED2CB00074F22 /* FTAppDelegate.m in Sources */ = {isa = PBXBuildFile; fileRef = 6895268F144ED2CB00074F22 /* FTAppDelegate.m */; };
		68952698144ED2CB00074F22 /* SenTestingKit.framework in Frameworks */ = {isa = PBXBuildFile; fileRef = 68952697144ED2CB00074F22 /* SenTestingKit.framework */; };
		68952699144ED2CB00074F22 /* UIKit.framework in Frameworks */ = {isa = PBXBuildFile; fileRef = 6895267F144ED2CB00074F22 /* UIKit.framework */; };
		6895269A144ED2CB00074F22 /* Foundation.framework in Frameworks */ = {isa = PBXBuildFile; fileRef = 68952681144ED2CB00074F22 /* Foundation.framework */; };
		689526A2144ED2CB00074F22 /* InfoPlist.strings in Resources */ = {isa = PBXBuildFile; fileRef = 689526A0144ED2CB00074F22 /* InfoPlist.strings */; };
		689526A5144ED2CB00074F22 /* FTShareTests.m in Sources */ = {isa = PBXBuildFile; fileRef = 689526A4144ED2CB00074F22 /* FTShareTests.m */; };
/* End PBXBuildFile section */

/* Begin PBXContainerItemProxy section */
		6895269B144ED2CB00074F22 /* PBXContainerItemProxy */ = {
			isa = PBXContainerItemProxy;
			containerPortal = 68952672144ED2CB00074F22 /* Project object */;
			proxyType = 1;
			remoteGlobalIDString = 6895267A144ED2CB00074F22;
			remoteInfo = FTShare;
		};
/* End PBXContainerItemProxy section */

/* Begin PBXFileReference section */
		6895267B144ED2CB00074F22 /* FTShare.app */ = {isa = PBXFileReference; explicitFileType = wrapper.application; includeInIndex = 0; path = FTShare.app; sourceTree = BUILT_PRODUCTS_DIR; };
		6895267F144ED2CB00074F22 /* UIKit.framework */ = {isa = PBXFileReference; lastKnownFileType = wrapper.framework; name = UIKit.framework; path = System/Library/Frameworks/UIKit.framework; sourceTree = SDKROOT; };
		68952681144ED2CB00074F22 /* Foundation.framework */ = {isa = PBXFileReference; lastKnownFileType = wrapper.framework; name = Foundation.framework; path = System/Library/Frameworks/Foundation.framework; sourceTree = SDKROOT; };
		68952683144ED2CB00074F22 /* CoreGraphics.framework */ = {isa = PBXFileReference; lastKnownFileType = wrapper.framework; name = CoreGraphics.framework; path = System/Library/Frameworks/CoreGraphics.framework; sourceTree = SDKROOT; };
		68952687144ED2CB00074F22 /* FTShare-Info.plist */ = {isa = PBXFileReference; path = "FTShare-Info.plist"; sourceTree = "<group>"; };
		68952689144ED2CB00074F22 /* en */ = {isa = PBXFileReference; lastKnownFileType = text.plist.strings; name = en; path = en.lproj/InfoPlist.strings; sourceTree = "<group>"; };
		6895268B144ED2CB00074F22 /* main.m */ = {isa = PBXFileReference; lastKnownFileType = sourcecode.c.objc; path = main.m; sourceTree = "<group>"; };
		6895268D144ED2CB00074F22 /* FTShare-Prefix.pch */ = {isa = PBXFileReference; path = "FTShare-Prefix.pch"; sourceTree = "<group>"; };
		6895268E144ED2CB00074F22 /* FTAppDelegate.h */ = {isa = PBXFileReference; path = FTAppDelegate.h; sourceTree = "<group>"; };
		6895268F144ED2CB00074F22 /* FTAppDelegate.m */ = {isa = PBXFileReference; lastKnownFileType = sourcecode.c.objc; path = FTAppDelegate.m; sourceTree = "<group>"; };
		68952696144ED2CB00074F22 /* FTShareTests.octest */ = {isa = PBXFileReference; explicitFileType = wrapper.cfbundle; includeInIndex = 0; path = FTShareTests.octest; sourceTree = BUILT_PRODUCTS_DIR; };
		68952697144ED2CB00074F22 /* SenTestingKit.framework */ = {isa = PBXFileReference; lastKnownFileType = wrapper.framework; name = SenTestingKit.framework; path = Library/Frameworks/SenTestingKit.framework; sourceTree = DEVELOPER_DIR; };
		6895269F144ED2CB00074F22 /* FTShareTests-Info.plist */ = {isa = PBXFileReference; path = "FTShareTests-Info.plist"; sourceTree = "<group>"; };
		689526A1144ED2CB00074F22 /* en */ = {isa = PBXFileReference; lastKnownFileType = text.plist.strings; name = en; path = en.lproj/InfoPlist.strings; sourceTree = "<group>"; };
		689526A3144ED2CB00074F22 /* FTShareTests.h */ = {isa = PBXFileReference; path = FTShareTests.h; sourceTree = "<group>"; };
		689526A4144ED2CB00074F22 /* FTShareTests.m */ = {isa = PBXFileReference; lastKnownFileType = sourcecode.c.objc; path = FTShareTests.m; sourceTree = "<group>"; };
/* End PBXFileReference section */

/* Begin PBXFrameworksBuildPhase section */
		68952678144ED2CB00074F22 /* Frameworks */ = {
			isa = PBXFrameworksBuildPhase;
			buildActionMask = 2147483647;
			files = (
				68952680144ED2CB00074F22 /* UIKit.framework in Frameworks */,
				68952682144ED2CB00074F22 /* Foundation.framework in Frameworks */,
				68952684144ED2CB00074F22 /* CoreGraphics.framework in Frameworks */,
			);
			runOnlyForDeploymentPostprocessing = 0;
		};
		68952692144ED2CB00074F22 /* Frameworks */ = {
			isa = PBXFrameworksBuildPhase;
			buildActionMask = 2147483647;
			files = (
				68952698144ED2CB00074F22 /* SenTestingKit.framework in Frameworks */,
				68952699144ED2CB00074F22 /* UIKit.framework in Frameworks */,
				6895269A144ED2CB00074F22 /* Foundation.framework in Frameworks */,
			);
			runOnlyForDeploymentPostprocessing = 0;
		};
/* End PBXFrameworksBuildPhase section */

/* Begin PBXGroup section */
		68952670144ED2CB00074F22 = {
			isa = PBXGroup;
			children = (
				68952685144ED2CB00074F22 /* FTShare */,
				6895269D144ED2CB00074F22 /* FTShareTests */,
				6895267E144ED2CB00074F22 /* Frameworks */,
				6895267C144ED2CB00074F22 /* Products */,
			);
			sourceTree = "<group>";
		};
		6895267C144ED2CB00074F22 /* Products */ = {
			isa = PBXGroup;
			children = (
				6895267B144ED2CB00074F22 /* FTShare.app */,
				68952696144ED2CB00074F22 /* FTShareTests.octest */,
			);
			name = Products;
			sourceTree = "<group>";
		};
		6895267E144ED2CB00074F22 /* Frameworks */ = {
			isa = PBXGroup;
			children = (
				6895267F144ED2CB00074F22 /* UIKit.framework */,
				68952681144ED2CB00074F22 /* Foundation.framework */,
				68952683144ED2CB00074F22 /* CoreGraphics.framework */,
				68952697144ED2CB00074F22 /* SenTestingKit.framework */,
			);
			name = Frameworks;
			sourceTree = "<group>";
		};
		68952685144ED2CB00074F22 /* FTShare */ = {
			isa = PBXGroup;
			children = (
				6895268E144ED2CB00074F22 /* FTAppDelegate.h */,
				6895268F144ED2CB00074F22 /* FTAppDelegate.m */,
				68952686144ED2CB00074F22 /* Supporting Files */,
			);
			path = FTShare;
			sourceTree = "<group>";
		};
		68952686144ED2CB00074F22 /* Supporting Files */ = {
			isa = PBXGroup;
			children = (
				68952687144ED2CB00074F22 /* FTShare-Info.plist */,
				68952688144ED2CB00074F22 /* InfoPlist.strings */,
				6895268B144ED2CB00074F22 /* main.m */,
				6895268D144ED2CB00074F22 /* FTShare-Prefix.pch */,
			);
			name = "Supporting Files";
			sourceTree = "<group>";
		};
		6895269D144ED2CB00074F22 /* FTShareTests */ = {
			isa = PBXGroup;
			children = (
				689526A3144ED2CB00074F22 /* FTShareTests.h */,
				689526A4144ED2CB00074F22 /* FTShareTests.m */,
				6895269E144ED2CB00074F22 /* Supporting Files */,
			);
			path = FTShareTests;
			sourceTree = "<group>";
		};
		6895269E144ED2CB00074F22 /* Supporting Files */ = {
			isa = PBXGroup;
			children = (
				6895269F144ED2CB00074F22 /* FTShareTests-Info.plist */,
				689526A0144ED2CB00074F22 /* InfoPlist.strings */,
			);
			name = "Supporting Files";
			sourceTree = "<group>";
		};
/* End PBXGroup section */

/* Begin PBXNativeTarget section */
		6895267A144ED2CB00074F22 /* FTShare */ = {
			isa = PBXNativeTarget;
			buildConfigurationList = 689526A8144ED2CB00074F22 /* Build configuration list for PBXNativeTarget "FTShare" */;
			buildPhases = (
				68952677144ED2CB00074F22 /* Sources */,
				68952678144ED2CB00074F22 /* Frameworks */,
				68952679144ED2CB00074F22 /* Resources */,
			);
			buildRules = (
			);
			dependencies = (
			);
			name = FTShare;
			productName = FTShare;
			productReference = 6895267B144ED2CB00074F22 /* FTShare.app */;
			productType = "com.apple.product-type.application";
		};
		68952695144ED2CB00074F22 /* FTShareTests */ = {
			isa = PBXNativeTarget;
			buildConfigurationList = 689526AB144ED2CB00074F22 /* Build configuration list for PBXNativeTarget "FTShareTests" */;
			buildPhases = (
				68952691144ED2CB00074F22 /* Sources */,
				68952692144ED2CB00074F22 /* Frameworks */,
				68952693144ED2CB00074F22 /* Resources */,
				68952694144ED2CB00074F22 /* ShellScript */,
			);
			buildRules = (
			);
			dependencies = (
				6895269C144ED2CB00074F22 /* PBXTargetDependency */,
			);
			name = FTShareTests;
			productName = FTShareTests;
			productReference = 68952696144ED2CB00074F22 /* FTShareTests.octest */;
			productType = "com.apple.product-type.bundle";
		};
/* End PBXNativeTarget section */

/* Begin PBXProject section */
		68952672144ED2CB00074F22 /* Project object */ = {
			isa = PBXProject;
			attributes = {
				LastUpgradeCheck = 0420;
			};
			buildConfigurationList = 68952675144ED2CB00074F22 /* Build configuration list for PBXProject "FTShare" */;
			compatibilityVersion = "Xcode 3.2";
			developmentRegion = English;
			hasScannedForEncodings = 0;
			knownRegions = (
				en,
			);
			mainGroup = 68952670144ED2CB00074F22;
			productRefGroup = 6895267C144ED2CB00074F22 /* Products */;
			projectDirPath = "";
			projectRoot = "";
			targets = (
				6895267A144ED2CB00074F22 /* FTShare */,
				68952695144ED2CB00074F22 /* FTShareTests */,
			);
		};
/* End PBXProject section */

/* Begin PBXResourcesBuildPhase section */
		68952679144ED2CB00074F22 /* Resources */ = {
			isa = PBXResourcesBuildPhase;
			buildActionMask = 2147483647;
			files = (
				6895268A144ED2CB00074F22 /* InfoPlist.strings in Resources */,
			);
			runOnlyForDeploymentPostprocessing = 0;
		};
		68952693144ED2CB00074F22 /* Resources */ = {
			isa = PBXResourcesBuildPhase;
			buildActionMask = 2147483647;
			files = (
				689526A2144ED2CB00074F22 /* InfoPlist.strings in Resources */,
			);
			runOnlyForDeploymentPostprocessing = 0;
		};
/* End PBXResourcesBuildPhase section */

/* Begin PBXShellScriptBuildPhase section */
		68952694144ED2CB00074F22 /* ShellScript */ = {
			isa = PBXShellScriptBuildPhase;
			buildActionMask = 2147483647;
			files = (
			);
			inputPaths = (
			);
			outputPaths = (
			);
			runOnlyForDeploymentPostprocessing = 0;
			shellPath = /bin/sh;
			shellScript = "# Run the unit tests in this test bundle.\n\"${SYSTEM_DEVELOPER_DIR}/Tools/RunUnitTests\"\n";
		};
/* End PBXShellScriptBuildPhase section */

/* Begin PBXSourcesBuildPhase section */
		68952677144ED2CB00074F22 /* Sources */ = {
			isa = PBXSourcesBuildPhase;
			buildActionMask = 2147483647;
			files = (
				6895268C144ED2CB00074F22 /* main.m in Sources */,
				68952690144ED2CB00074F22 /* FTAppDelegate.m in Sources */,
			);
			runOnlyForDeploymentPostprocessing = 0;
		};
		68952691144ED2CB00074F22 /* Sources */ = {
			isa = PBXSourcesBuildPhase;
			buildActionMask = 2147483647;
			files = (
				689526A5144ED2CB00074F22 /* FTShareTests.m in Sources */,
			);
			runOnlyForDeploymentPostprocessing = 0;
		};
/* End PBXSourcesBuildPhase section */

/* Begin PBXTargetDependency section */
		6895269C144ED2CB00074F22 /* PBXTargetDependency */ = {
			isa = PBXTargetDependency;
			target = 6895267A144ED2CB00074F22 /* FTShare */;
			targetProxy = 6895269B144ED2CB00074F22 /* PBXContainerItemProxy */;
		};
/* End PBXTargetDependency section */

/* Begin PBXVariantGroup section */
		68952688144ED2CB00074F22 /* InfoPlist.strings */ = {
			isa = PBXVariantGroup;
			children = (
				68952689144ED2CB00074F22 /* en */,
			);
			name = InfoPlist.strings;
			sourceTree = "<group>";
		};
		689526A0144ED2CB00074F22 /* InfoPlist.strings */ = {
			isa = PBXVariantGroup;
			children = (
				689526A1144ED2CB00074F22 /* en */,
			);
			name = InfoPlist.strings;
			sourceTree = "<group>";
		};
/* End PBXVariantGroup section */

/* Begin XCBuildConfiguration section */
		689526A6144ED2CB00074F22 /* Debug */ = {
			isa = XCBuildConfiguration;
			buildSettings = {
				ALWAYS_SEARCH_USER_PATHS = NO;
				ARCHS = "$(ARCHS_STANDARD_32_BIT)";
				CLANG_ENABLE_OBJC_ARC = YES;
				"CODE_SIGN_IDENTITY[sdk=iphoneos*]" = "iPhone Developer";
				COPY_PHASE_STRIP = NO;
				GCC_C_LANGUAGE_STANDARD = gnu99;
				GCC_DYNAMIC_NO_PIC = NO;
				GCC_OPTIMIZATION_LEVEL = 0;
				GCC_PREPROCESSOR_DEFINITIONS = (
					"DEBUG=1",
					"$(inherited)",
				);
				GCC_SYMBOLS_PRIVATE_EXTERN = NO;
				GCC_VERSION = com.apple.compilers.llvm.clang.1_0;
				GCC_WARN_ABOUT_MISSING_PROTOTYPES = YES;
				GCC_WARN_ABOUT_RETURN_TYPE = YES;
				GCC_WARN_UNUSED_VARIABLE = YES;
				IPHONEOS_DEPLOYMENT_TARGET = 5.0;
				SDKROOT = iphoneos;
				TARGETED_DEVICE_FAMILY = "1,2";
			};
			name = Debug;
		};
		689526A7144ED2CB00074F22 /* Release */ = {
			isa = XCBuildConfiguration;
			buildSettings = {
				ALWAYS_SEARCH_USER_PATHS = NO;
				ARCHS = "$(ARCHS_STANDARD_32_BIT)";
				CLANG_ENABLE_OBJC_ARC = YES;
				"CODE_SIGN_IDENTITY[sdk=iphoneos*]" = "iPhone Developer";
				COPY_PHASE_STRIP = YES;
				GCC_C_LANGUAGE_STANDARD = gnu99;
				GCC_VERSION = com.apple.compilers.llvm.clang.1_0;
				GCC_WARN_ABOUT_MISSING_PROTOTYPES = YES;
				GCC_WARN_ABOUT_RETURN_TYPE = YES;
				GCC_WARN_UNUSED_VARIABLE = YES;
				IPHONEOS_DEPLOYMENT_TARGET = 5.0;
				OTHER_CFLAGS = "-DNS_BLOCK_ASSERTIONS=1";
				SDKROOT = iphoneos;
				TARGETED_DEVICE_FAMILY = "1,2";
				VALIDATE_PRODUCT = YES;
			};
			name = Release;
		};
		689526A9144ED2CB00074F22 /* Debug */ = {
			isa = XCBuildConfiguration;
			buildSettings = {
				GCC_PRECOMPILE_PREFIX_HEADER = YES;
				GCC_PREFIX_HEADER = "FTShare/FTShare-Prefix.pch";
				INFOPLIST_FILE = "FTShare/FTShare-Info.plist";
				PRODUCT_NAME = "$(TARGET_NAME)";
				WRAPPER_EXTENSION = app;
			};
			name = Debug;
		};
		689526AA144ED2CB00074F22 /* Release */ = {
			isa = XCBuildConfiguration;
			buildSettings = {
				GCC_PRECOMPILE_PREFIX_HEADER = YES;
				GCC_PREFIX_HEADER = "FTShare/FTShare-Prefix.pch";
				INFOPLIST_FILE = "FTShare/FTShare-Info.plist";
				PRODUCT_NAME = "$(TARGET_NAME)";
				WRAPPER_EXTENSION = app;
			};
			name = Release;
		};
		689526AC144ED2CB00074F22 /* Debug */ = {
			isa = XCBuildConfiguration;
			buildSettings = {
				BUNDLE_LOADER = "$(BUILT_PRODUCTS_DIR)/FTShare.app/FTShare";
				FRAMEWORK_SEARCH_PATHS = (
					"$(SDKROOT)/Developer/Library/Frameworks",
					"$(DEVELOPER_LIBRARY_DIR)/Frameworks",
				);
				GCC_PRECOMPILE_PREFIX_HEADER = YES;
				GCC_PREFIX_HEADER = "FTShare/FTShare-Prefix.pch";
				INFOPLIST_FILE = "FTShareTests/FTShareTests-Info.plist";
				PRODUCT_NAME = "$(TARGET_NAME)";
				TEST_HOST = "$(BUNDLE_LOADER)";
				WRAPPER_EXTENSION = octest;
			};
			name = Debug;
		};
		689526AD144ED2CB00074F22 /* Release */ = {
			isa = XCBuildConfiguration;
			buildSettings = {
				BUNDLE_LOADER = "$(BUILT_PRODUCTS_DIR)/FTShare.app/FTShare";
				FRAMEWORK_SEARCH_PATHS = (
					"$(SDKROOT)/Developer/Library/Frameworks",
					"$(DEVELOPER_LIBRARY_DIR)/Frameworks",
				);
				GCC_PRECOMPILE_PREFIX_HEADER = YES;
				GCC_PREFIX_HEADER = "FTShare/FTShare-Prefix.pch";
				INFOPLIST_FILE = "FTShareTests/FTShareTests-Info.plist";
				PRODUCT_NAME = "$(TARGET_NAME)";
				TEST_HOST = "$(BUNDLE_LOADER)";
				WRAPPER_EXTENSION = octest;
			};
			name = Release;
		};
/* End XCBuildConfiguration section */

/* Begin XCConfigurationList section */
		68952675144ED2CB00074F22 /* Build configuration list for PBXProject "FTShare" */ = {
			isa = XCConfigurationList;
			buildConfigurations = (
				689526A6144ED2CB00074F22 /* Debug */,
				689526A7144ED2CB00074F22 /* Release */,
			);
			defaultConfigurationIsVisible = 0;
			defaultConfigurationName = Release;
		};
		689526A8144ED2CB00074F22 /* Build configuration list for PBXNativeTarget "FTShare" */ = {
			isa = XCConfigurationList;
			buildConfigurations = (
				689526A9144ED2CB00074F22 /* Debug */,
				689526AA144ED2CB00074F22 /* Release */,
			);
			defaultConfigurationIsVisible = 0;
		};
		689526AB144ED2CB00074F22 /* Build configuration list for PBXNativeTarget "FTShareTests" */ = {
			isa = XCConfigurationList;
			buildConfigurations = (
				689526AC144ED2CB00074F22 /* Debug */,
				689526AD144ED2CB00074F22 /* Release */,
			);
			defaultConfigurationIsVisible = 0;
		};
/* End XCConfigurationList section */
	};
	rootObject = 68952672144ED2CB00074F22 /* Project object */;
}
